<?xml version="1.0" encoding="utf-8"?>
<Project ToolsVersion="4.0" xmlns="http://schemas.microsoft.com/developer/msbuild/2003">
  <ItemGroup>
    <Filter Include="Source Files">
      <UniqueIdentifier>{4FC737F1-C7A5-4376-A066-2A32D752A2FF}</UniqueIdentifier>
      <Extensions>cpp;c;cc;cxx;def;odl;idl;hpj;bat;asm;asmx</Extensions>
    </Filter>
    <Filter Include="Header Files">
      <UniqueIdentifier>{93995380-89BD-4b04-88EB-625FBE52EBFB}</UniqueIdentifier>
      <Extensions>h;hh;hpp;hxx;hm;inl;inc;ipp;xsd</Extensions>
    </Filter>
    <Filter Include="Resource Files">
      <UniqueIdentifier>{67DA6AB6-F800-4c08-8B7A-83BB121AAD01}</UniqueIdentifier>
      <Extensions>rc;ico;cur;bmp;dlg;rc2;rct;bin;rgs;gif;jpg;jpeg;jpe;resx;tiff;tif;png;wav;mfcribbon-ms</Extensions>
    </Filter>
    <Filter Include="Dependencies">
      <UniqueIdentifier>{77a8c53c-0303-4d14-91af-1ed7f77aa4dd}</UniqueIdentifier>
    </Filter>
  </ItemGroup>
  <ItemGroup>
    <ClCompile Include="src\binding.c">
      <Filter>Source Files</Filter>
    </ClCompile>
    <ClCompile Include="src\emit.c">
      <Filter>Source Files</Filter>
    </ClCompile>
    <ClCompile Include="src\keys.c">
      <Filter>Source Files</Filter>
    </ClCompile>
    <ClCompile Include="src\main.c">
      <Filter>Source Files</Filter>
    </ClCompile>
    <ClCompile Include="src\queue.c">
      <Filter>Source Files</Filter>
    </ClCompile>
    <ClCompile Include="src\touchcursor.c">
      <Filter>Source Files</Filter>
    </ClCompile>
    <ClCompile Include="src\tray.c">
      <Filter>Source Files</Filter>
    </ClCompile>
    <ClCompile Include="src\window.c">
      <Filter>Source Files</Filter>
    </ClCompile>
    <ClCompile Include="src\config.c">
      <Filter>Source Files</Filter>
    </ClCompile>
    <ClCompile Include="lib\strsep.c">
      <Filter>Dependencies</Filter>
    </ClCompile>
    <ClCompile Include="lib\getline.c">
      <Filter>Dependencies</Filter>
    </ClCompile>
    <ClCompile Include="src\log.c">
      <Filter>Source Files</Filter>
    </ClCompile>
    <ClCompile Include="src\shell.c">
      <Filter>Source Files</Filter>
    </ClCompile>
  </ItemGroup>
  <ItemGroup>
    <ClInclude Include="src\binding.h">
      <Filter>Header Files</Filter>
    </ClInclude>
    <ClInclude Include="src\emit.h">
      <Filter>Header Files</Filter>
    </ClInclude>
    <ClInclude Include="src\keys.h">
      <Filter>Header Files</Filter>
    </ClInclude>
    <ClInclude Include="src\queue.h">
      <Filter>Header Files</Filter>
    </ClInclude>
    <ClInclude Include="src\touchcursor.h">
      <Filter>Header Files</Filter>
    </ClInclude>
    <ClInclude Include="src\tray.h">
      <Filter>Header Files</Filter>
    </ClInclude>
    <ClInclude Include="src\resources.h">
      <Filter>Header Files</Filter>
    </ClInclude>
    <ClInclude Include="src\window.h">
      <Filter>Header Files</Filter>
    </ClInclude>
    <ClInclude Include="src\config.h">
      <Filter>Header Files</Filter>
    </ClInclude>
    <ClInclude Include="lib\strsep.h">
      <Filter>Dependencies</Filter>
    </ClInclude>
    <ClInclude Include="lib\getline.h">
      <Filter>Dependencies</Filter>
    </ClInclude>
    <ClInclude Include="src\log.h">
      <Filter>Header Files</Filter>
    </ClInclude>
    <ClInclude Include="src\shell.h">
      <Filter>Header Files</Filter>
    </ClInclude>
  </ItemGroup>
  <ItemGroup>
    <ResourceCompile Include="src\resources.rc">
      <Filter>Resource Files</Filter>
    </ResourceCompile>
  </ItemGroup>
  <ItemGroup>
    <Image Include="src\keyboard.ico">
      <Filter>Resource Files</Filter>
    </Image>
  </ItemGroup>
</Project>